// !$*UTF8*$!
{
	archiveVersion = 1;
	classes = {
	};
	objectVersion = 56;
	objects = {

/* Begin PBXBuildFile section */
		8946771C29AB51C9009042E1 /* ContentView.swift in Sources */ = {isa = PBXBuildFile; fileRef = 8946771B29AB51C9009042E1 /* ContentView.swift */; };
		8946771E29AB51CB009042E1 /* Assets.xcassets in Resources */ = {isa = PBXBuildFile; fileRef = 8946771D29AB51CB009042E1 /* Assets.xcassets */; };
		8946772129AB51CB009042E1 /* Preview Assets.xcassets in Resources */ = {isa = PBXBuildFile; fileRef = 8946772029AB51CB009042E1 /* Preview Assets.xcassets */; };
		8946772929AB5276009042E1 /* PrimaryButton.swift in Sources */ = {isa = PBXBuildFile; fileRef = 8946772829AB5276009042E1 /* PrimaryButton.swift */; };
		8946772E29AB5588009042E1 /* QuestionView.swift in Sources */ = {isa = PBXBuildFile; fileRef = 8946772D29AB5588009042E1 /* QuestionView.swift */; };
		8946773029AB559F009042E1 /* TriviaView.swift in Sources */ = {isa = PBXBuildFile; fileRef = 8946772F29AB559F009042E1 /* TriviaView.swift */; };
		8946773229AB55D9009042E1 /* AnswerRow.swift in Sources */ = {isa = PBXBuildFile; fileRef = 8946773129AB55D9009042E1 /* AnswerRow.swift */; };
		8946773429AB55F7009042E1 /* ProgressBar.swift in Sources */ = {isa = PBXBuildFile; fileRef = 8946773329AB55F7009042E1 /* ProgressBar.swift */; };
		8946773729AB5624009042E1 /* Answer.swift in Sources */ = {isa = PBXBuildFile; fileRef = 8946773629AB5624009042E1 /* Answer.swift */; };
		8946773929AB5639009042E1 /* Trivia.swift in Sources */ = {isa = PBXBuildFile; fileRef = 8946773829AB5639009042E1 /* Trivia.swift */; };
		8946773B29AB5673009042E1 /* TriviaManager.swift in Sources */ = {isa = PBXBuildFile; fileRef = 8946773A29AB5673009042E1 /* TriviaManager.swift */; };
		8946773D29AB569A009042E1 /* TriviaGameApp.swift in Sources */ = {isa = PBXBuildFile; fileRef = 8946773C29AB569A009042E1 /* TriviaGameApp.swift */; };
		8946773F29AB56CB009042E1 /* Extensions.swift in Sources */ = {isa = PBXBuildFile; fileRef = 8946773E29AB56CB009042E1 /* Extensions.swift */; };
/* End PBXBuildFile section */

/* Begin PBXFileReference section */
		8946771629AB51C9009042E1 /* Trivia Challenge.app */ = {isa = PBXFileReference; explicitFileType = wrapper.application; includeInIndex = 0; path = "Trivia Challenge.app"; sourceTree = BUILT_PRODUCTS_DIR; };
		8946771B29AB51C9009042E1 /* ContentView.swift */ = {isa = PBXFileReference; lastKnownFileType = sourcecode.swift; path = ContentView.swift; sourceTree = "<group>"; };
		8946771D29AB51CB009042E1 /* Assets.xcassets */ = {isa = PBXFileReference; lastKnownFileType = folder.assetcatalog; path = Assets.xcassets; sourceTree = "<group>"; };
		8946772029AB51CB009042E1 /* Preview Assets.xcassets */ = {isa = PBXFileReference; lastKnownFileType = folder.assetcatalog; path = "Preview Assets.xcassets"; sourceTree = "<group>"; };
		8946772829AB5276009042E1 /* PrimaryButton.swift */ = {isa = PBXFileReference; lastKnownFileType = sourcecode.swift; path = PrimaryButton.swift; sourceTree = "<group>"; };
		8946772D29AB5588009042E1 /* QuestionView.swift */ = {isa = PBXFileReference; lastKnownFileType = sourcecode.swift; path = QuestionView.swift; sourceTree = "<group>"; };
		8946772F29AB559F009042E1 /* TriviaView.swift */ = {isa = PBXFileReference; lastKnownFileType = sourcecode.swift; path = TriviaView.swift; sourceTree = "<group>"; };
		8946773129AB55D9009042E1 /* AnswerRow.swift */ = {isa = PBXFileReference; lastKnownFileType = sourcecode.swift; path = AnswerRow.swift; sourceTree = "<group>"; };
		8946773329AB55F7009042E1 /* ProgressBar.swift */ = {isa = PBXFileReference; lastKnownFileType = sourcecode.swift; path = ProgressBar.swift; sourceTree = "<group>"; };
		8946773629AB5624009042E1 /* Answer.swift */ = {isa = PBXFileReference; lastKnownFileType = sourcecode.swift; path = Answer.swift; sourceTree = "<group>"; };
		8946773829AB5639009042E1 /* Trivia.swift */ = {isa = PBXFileReference; lastKnownFileType = sourcecode.swift; path = Trivia.swift; sourceTree = "<group>"; };
		8946773A29AB5673009042E1 /* TriviaManager.swift */ = {isa = PBXFileReference; lastKnownFileType = sourcecode.swift; path = TriviaManager.swift; sourceTree = "<group>"; };
		8946773C29AB569A009042E1 /* TriviaGameApp.swift */ = {isa = PBXFileReference; lastKnownFileType = sourcecode.swift; path = TriviaGameApp.swift; sourceTree = "<group>"; };
		8946773E29AB56CB009042E1 /* Extensions.swift */ = {isa = PBXFileReference; lastKnownFileType = sourcecode.swift; path = Extensions.swift; sourceTree = "<group>"; };
/* End PBXFileReference section */

/* Begin PBXFrameworksBuildPhase section */
		8946771329AB51C9009042E1 /* Frameworks */ = {
			isa = PBXFrameworksBuildPhase;
			buildActionMask = 2147483647;
			files = (
			);
			runOnlyForDeploymentPostprocessing = 0;
		};
/* End PBXFrameworksBuildPhase section */

/* Begin PBXGroup section */
		8946770D29AB51C9009042E1 = {
			isa = PBXGroup;
			children = (
				8946771829AB51C9009042E1 /* Trivia Challenge */,
				8946771729AB51C9009042E1 /* Products */,
			);
			sourceTree = "<group>";
		};
		8946771729AB51C9009042E1 /* Products */ = {
			isa = PBXGroup;
			children = (
				8946771629AB51C9009042E1 /* Trivia Challenge.app */,
			);
			name = Products;
			sourceTree = "<group>";
		};
		8946771829AB51C9009042E1 /* Trivia Challenge */ = {
			isa = PBXGroup;
			children = (
				8946773529AB560E009042E1 /* Models */,
				8946772A29AB5352009042E1 /* Views */,
				8946772729AB5260009042E1 /* Components */,
				8946771D29AB51CB009042E1 /* Assets.xcassets */,
				8946771F29AB51CB009042E1 /* Preview Content */,
				8946773A29AB5673009042E1 /* TriviaManager.swift */,
				8946773C29AB569A009042E1 /* TriviaGameApp.swift */,
				8946773E29AB56CB009042E1 /* Extensions.swift */,
			);
			path = "Trivia Challenge";
			sourceTree = "<group>";
		};
		8946771F29AB51CB009042E1 /* Preview Content */ = {
			isa = PBXGroup;
			children = (
				8946772029AB51CB009042E1 /* Preview Assets.xcassets */,
			);
			path = "Preview Content";
			sourceTree = "<group>";
		};
		8946772729AB5260009042E1 /* Components */ = {
			isa = PBXGroup;
			children = (
				8946772829AB5276009042E1 /* PrimaryButton.swift */,
				8946773129AB55D9009042E1 /* AnswerRow.swift */,
				8946773329AB55F7009042E1 /* ProgressBar.swift */,
			);
			path = Components;
			sourceTree = "<group>";
		};
		8946772A29AB5352009042E1 /* Views */ = {
			isa = PBXGroup;
			children = (
				8946771B29AB51C9009042E1 /* ContentView.swift */,
				8946772D29AB5588009042E1 /* QuestionView.swift */,
				8946772F29AB559F009042E1 /* TriviaView.swift */,
			);
			path = Views;
			sourceTree = "<group>";
		};
		8946773529AB560E009042E1 /* Models */ = {
			isa = PBXGroup;
			children = (
				8946773629AB5624009042E1 /* Answer.swift */,
				8946773829AB5639009042E1 /* Trivia.swift */,
			);
			path = Models;
			sourceTree = "<group>";
		};
/* End PBXGroup section */

/* Begin PBXNativeTarget section */
		8946771529AB51C9009042E1 /* Trivia Challenge */ = {
			isa = PBXNativeTarget;
			buildConfigurationList = 8946772429AB51CB009042E1 /* Build configuration list for PBXNativeTarget "Trivia Challenge" */;
			buildPhases = (
				8946771229AB51C9009042E1 /* Sources */,
				8946771329AB51C9009042E1 /* Frameworks */,
				8946771429AB51C9009042E1 /* Resources */,
			);
			buildRules = (
			);
			dependencies = (
			);
			name = "Trivia Challenge";
			productName = "Trivia Challenge";
			productReference = 8946771629AB51C9009042E1 /* Trivia Challenge.app */;
			productType = "com.apple.product-type.application";
		};
/* End PBXNativeTarget section */

/* Begin PBXProject section */
		8946770E29AB51C9009042E1 /* Project object */ = {
			isa = PBXProject;
			attributes = {
				BuildIndependentTargetsInParallel = 1;
				LastSwiftUpdateCheck = 1420;
				LastUpgradeCheck = 1420;
				TargetAttributes = {
					8946771529AB51C9009042E1 = {
						CreatedOnToolsVersion = 14.2;
					};
				};
			};
			buildConfigurationList = 8946771129AB51C9009042E1 /* Build configuration list for PBXProject "Trivia Challenge" */;
			compatibilityVersion = "Xcode 14.0";
			developmentRegion = en;
			hasScannedForEncodings = 0;
			knownRegions = (
				en,
				Base,
			);
			mainGroup = 8946770D29AB51C9009042E1;
			productRefGroup = 8946771729AB51C9009042E1 /* Products */;
			projectDirPath = "";
			projectRoot = "";
			targets = (
				8946771529AB51C9009042E1 /* Trivia Challenge */,
			);
		};
/* End PBXProject section */

/* Begin PBXResourcesBuildPhase section */
		8946771429AB51C9009042E1 /* Resources */ = {
			isa = PBXResourcesBuildPhase;
			buildActionMask = 2147483647;
			files = (
				8946772129AB51CB009042E1 /* Preview Assets.xcassets in Resources */,
				8946771E29AB51CB009042E1 /* Assets.xcassets in Resources */,
			);
			runOnlyForDeploymentPostprocessing = 0;
		};
/* End PBXResourcesBuildPhase section */

/* Begin PBXSourcesBuildPhase section */
		8946771229AB51C9009042E1 /* Sources */ = {
			isa = PBXSourcesBuildPhase;
			buildActionMask = 2147483647;
			files = (
				8946773B29AB5673009042E1 /* TriviaManager.swift in Sources */,
				8946772E29AB5588009042E1 /* QuestionView.swift in Sources */,
				8946773929AB5639009042E1 /* Trivia.swift in Sources */,
				8946772929AB5276009042E1 /* PrimaryButton.swift in Sources */,
				8946771C29AB51C9009042E1 /* ContentView.swift in Sources */,
				8946773029AB559F009042E1 /* TriviaView.swift in Sources */,
				8946773229AB55D9009042E1 /* AnswerRow.swift in Sources */,
				8946773F29AB56CB009042E1 /* Extensions.swift in Sources */,
				8946773429AB55F7009042E1 /* ProgressBar.swift in Sources */,
				8946773D29AB569A009042E1 /* TriviaGameApp.swift in Sources */,
				8946773729AB5624009042E1 /* Answer.swift in Sources */,
			);
			runOnlyForDeploymentPostprocessing = 0;
		};
/* End PBXSourcesBuildPhase section */

/* Begin XCBuildConfiguration section */
		8946772229AB51CB009042E1 /* Debug */ = {
			isa = XCBuildConfiguration;
			buildSettings = {
				ALWAYS_SEARCH_USER_PATHS = NO;
				CLANG_ANALYZER_NONNULL = YES;
				CLANG_ANALYZER_NUMBER_OBJECT_CONVERSION = YES_AGGRESSIVE;
				CLANG_CXX_LANGUAGE_STANDARD = "gnu++20";
				CLANG_ENABLE_MODULES = YES;
				CLANG_ENABLE_OBJC_ARC = YES;
				CLANG_ENABLE_OBJC_WEAK = YES;
				CLANG_WARN_BLOCK_CAPTURE_AUTORELEASING = YES;
				CLANG_WARN_BOOL_CONVERSION = YES;
				CLANG_WARN_COMMA = YES;
				CLANG_WARN_CONSTANT_CONVERSION = YES;
				CLANG_WARN_DEPRECATED_OBJC_IMPLEMENTATIONS = YES;
				CLANG_WARN_DIRECT_OBJC_ISA_USAGE = YES_ERROR;
				CLANG_WARN_DOCUMENTATION_COMMENTS = YES;
				CLANG_WARN_EMPTY_BODY = YES;
				CLANG_WARN_ENUM_CONVERSION = YES;
				CLANG_WARN_INFINITE_RECURSION = YES;
				CLANG_WARN_INT_CONVERSION = YES;
				CLANG_WARN_NON_LITERAL_NULL_CONVERSION = YES;
				CLANG_WARN_OBJC_IMPLICIT_RETAIN_SELF = YES;
				CLANG_WARN_OBJC_LITERAL_CONVERSION = YES;
				CLANG_WARN_OBJC_ROOT_CLASS = YES_ERROR;
				CLANG_WARN_QUOTED_INCLUDE_IN_FRAMEWORK_HEADER = YES;
				CLANG_WARN_RANGE_LOOP_ANALYSIS = YES;
				CLANG_WARN_STRICT_PROTOTYPES = YES;
				CLANG_WARN_SUSPICIOUS_MOVE = YES;
				CLANG_WARN_UNGUARDED_AVAILABILITY = YES_AGGRESSIVE;
				CLANG_WARN_UNREACHABLE_CODE = YES;
				CLANG_WARN__DUPLICATE_METHOD_MATCH = YES;
				COPY_PHASE_STRIP = NO;
				DEBUG_INFORMATION_FORMAT = dwarf;
				ENABLE_STRICT_OBJC_MSGSEND = YES;
				ENABLE_TESTABILITY = YES;
				GCC_C_LANGUAGE_STANDARD = gnu11;
				GCC_DYNAMIC_NO_PIC = NO;
				GCC_NO_COMMON_BLOCKS = YES;
				GCC_OPTIMIZATION_LEVEL = 0;
				GCC_PREPROCESSOR_DEFINITIONS = (
					"DEBUG=1",
					"$(inherited)",
				);
				GCC_WARN_64_TO_32_BIT_CONVERSION = YES;
				GCC_WARN_ABOUT_RETURN_TYPE = YES_ERROR;
				GCC_WARN_UNDECLARED_SELECTOR = YES;
				GCC_WARN_UNINITIALIZED_AUTOS = YES_AGGRESSIVE;
				GCC_WARN_UNUSED_FUNCTION = YES;
				GCC_WARN_UNUSED_VARIABLE = YES;
				IPHONEOS_DEPLOYMENT_TARGET = 16.2;
				MTL_ENABLE_DEBUG_INFO = INCLUDE_SOURCE;
				MTL_FAST_MATH = YES;
				ONLY_ACTIVE_ARCH = YES;
				SDKROOT = iphoneos;
				SWIFT_ACTIVE_COMPILATION_CONDITIONS = DEBUG;
				SWIFT_OPTIMIZATION_LEVEL = "-Onone";
			};
			name = Debug;
		};
		8946772329AB51CB009042E1 /* Release */ = {
			isa = XCBuildConfiguration;
			buildSettings = {
				ALWAYS_SEARCH_USER_PATHS = NO;
				CLANG_ANALYZER_NONNULL = YES;
				CLANG_ANALYZER_NUMBER_OBJECT_CONVERSION = YES_AGGRESSIVE;
				CLANG_CXX_LANGUAGE_STANDARD = "gnu++20";
				CLANG_ENABLE_MODULES = YES;
				CLANG_ENABLE_OBJC_ARC = YES;
				CLANG_ENABLE_OBJC_WEAK = YES;
				CLANG_WARN_BLOCK_CAPTURE_AUTORELEASING = YES;
				CLANG_WARN_BOOL_CONVERSION = YES;
				CLANG_WARN_COMMA = YES;
				CLANG_WARN_CONSTANT_CONVERSION = YES;
				CLANG_WARN_DEPRECATED_OBJC_IMPLEMENTATIONS = YES;
				CLANG_WARN_DIRECT_OBJC_ISA_USAGE = YES_ERROR;
				CLANG_WARN_DOCUMENTATION_COMMENTS = YES;
				CLANG_WARN_EMPTY_BODY = YES;
				CLANG_WARN_ENUM_CONVERSION = YES;
				CLANG_WARN_INFINITE_RECURSION = YES;
				CLANG_WARN_INT_CONVERSION = YES;
				CLANG_WARN_NON_LITERAL_NULL_CONVERSION = YES;
				CLANG_WARN_OBJC_IMPLICIT_RETAIN_SELF = YES;
				CLANG_WARN_OBJC_LITERAL_CONVERSION = YES;
				CLANG_WARN_OBJC_ROOT_CLASS = YES_ERROR;
				CLANG_WARN_QUOTED_INCLUDE_IN_FRAMEWORK_HEADER = YES;
				CLANG_WARN_RANGE_LOOP_ANALYSIS = YES;
				CLANG_WARN_STRICT_PROTOTYPES = YES;
				CLANG_WARN_SUSPICIOUS_MOVE = YES;
				CLANG_WARN_UNGUARDED_AVAILABILITY = YES_AGGRESSIVE;
				CLANG_WARN_UNREACHABLE_CODE = YES;
				CLANG_WARN__DUPLICATE_METHOD_MATCH = YES;
				COPY_PHASE_STRIP = NO;
				DEBUG_INFORMATION_FORMAT = "dwarf-with-dsym";
				ENABLE_NS_ASSERTIONS = NO;
				ENABLE_STRICT_OBJC_MSGSEND = YES;
				GCC_C_LANGUAGE_STANDARD = gnu11;
				GCC_NO_COMMON_BLOCKS = YES;
				GCC_WARN_64_TO_32_BIT_CONVERSION = YES;
				GCC_WARN_ABOUT_RETURN_TYPE = YES_ERROR;
				GCC_WARN_UNDECLARED_SELECTOR = YES;
				GCC_WARN_UNINITIALIZED_AUTOS = YES_AGGRESSIVE;
				GCC_WARN_UNUSED_FUNCTION = YES;
				GCC_WARN_UNUSED_VARIABLE = YES;
				IPHONEOS_DEPLOYMENT_TARGET = 16.2;
				MTL_ENABLE_DEBUG_INFO = NO;
				MTL_FAST_MATH = YES;
				SDKROOT = iphoneos;
				SWIFT_COMPILATION_MODE = wholemodule;
				SWIFT_OPTIMIZATION_LEVEL = "-O";
				VALIDATE_PRODUCT = YES;
			};
			name = Release;
		};
		8946772529AB51CB009042E1 /* Debug */ = {
			isa = XCBuildConfiguration;
			buildSettings = {
				ASSETCATALOG_COMPILER_APPICON_NAME = AppIcon;
				ASSETCATALOG_COMPILER_GLOBAL_ACCENT_COLOR_NAME = AccentColor;
				CODE_SIGN_STYLE = Automatic;
				CURRENT_PROJECT_VERSION = 1;
				DEVELOPMENT_ASSET_PATHS = "\"Trivia Challenge/Preview Content\"";
				DEVELOPMENT_TEAM = 2J8JMD9D66;
				ENABLE_PREVIEWS = YES;
				GENERATE_INFOPLIST_FILE = YES;
				INFOPLIST_KEY_UIApplicationSceneManifest_Generation = YES;
				INFOPLIST_KEY_UIApplicationSupportsIndirectInputEvents = YES;
				INFOPLIST_KEY_UILaunchScreen_Generation = YES;
				INFOPLIST_KEY_UISupportedInterfaceOrientations_iPad = "UIInterfaceOrientationPortrait UIInterfaceOrientationPortraitUpsideDown UIInterfaceOrientationLandscapeLeft UIInterfaceOrientationLandscapeRight";
				INFOPLIST_KEY_UISupportedInterfaceOrientations_iPhone = "UIInterfaceOrientationPortrait UIInterfaceOrientationLandscapeLeft UIInterfaceOrientationLandscapeRight";
				IPHONEOS_DEPLOYMENT_TARGET = 15.0;
				LD_RUNPATH_SEARCH_PATHS = (
					"$(inherited)",
					"@executable_path/Frameworks",
				);
				MARKETING_VERSION = 1.0;
				PRODUCT_BUNDLE_IDENTIFIER = "org.avicinaraka.Trivia-Challenge";
				PRODUCT_NAME = "$(TARGET_NAME)";
				SWIFT_EMIT_LOC_STRINGS = YES;
				SWIFT_VERSION = 5.0;
				TARGETED_DEVICE_FAMILY = "1,2";
			};
			name = Debug;
		};
		8946772629AB51CB009042E1 /* Release */ = {
			isa = XCBuildConfiguration;
			buildSettings = {
				ASSETCATALOG_COMPILER_APPICON_NAME = AppIcon;
				ASSETCATALOG_COMPILER_GLOBAL_ACCENT_COLOR_NAME = AccentColor;
				CODE_SIGN_STYLE = Automatic;
				CURRENT_PROJECT_VERSION = 1;
				DEVELOPMENT_ASSET_PATHS = "\"Trivia Challenge/Preview Content\"";
				DEVELOPMENT_TEAM = 2J8JMD9D66;
				ENABLE_PREVIEWS = YES;
				GENERATE_INFOPLIST_FILE = YES;
				INFOPLIST_KEY_UIApplicationSceneManifest_Generation = YES;
				INFOPLIST_KEY_UIApplicationSupportsIndirectInputEvents = YES;
				INFOPLIST_KEY_UILaunchScreen_Generation = YES;
				INFOPLIST_KEY_UISupportedInterfaceOrientations_iPad = "UIInterfaceOrientationPortrait UIInterfaceOrientationPortraitUpsideDown UIInterfaceOrientationLandscapeLeft UIInterfaceOrientationLandscapeRight";
				INFOPLIST_KEY_UISupportedInterfaceOrientations_iPhone = "UIInterfaceOrientationPortrait UIInterfaceOrientationLandscapeLeft UIInterfaceOrientationLandscapeRight";
				IPHONEOS_DEPLOYMENT_TARGET = 15.0;
				LD_RUNPATH_SEARCH_PATHS = (
					"$(inherited)",
					"@executable_path/Frameworks",
				);
				MARKETING_VERSION = 1.0;
				PRODUCT_BUNDLE_IDENTIFIER = "org.avicinaraka.Trivia-Challenge";
				PRODUCT_NAME = "$(TARGET_NAME)";
				SWIFT_EMIT_LOC_STRINGS = YES;
				SWIFT_VERSION = 5.0;
				TARGETED_DEVICE_FAMILY = "1,2";
			};
			name = Release;
		};
/* End XCBuildConfiguration section */

/* Begin XCConfigurationList section */
		8946771129AB51C9009042E1 /* Build configuration list for PBXProject "Trivia Challenge" */ = {
			isa = XCConfigurationList;
			buildConfigurations = (
				8946772229AB51CB009042E1 /* Debug */,
				8946772329AB51CB009042E1 /* Release */,
			);
			defaultConfigurationIsVisible = 0;
			defaultConfigurationName = Release;
		};
		8946772429AB51CB009042E1 /* Build configuration list for PBXNativeTarget "Trivia Challenge" */ = {
			isa = XCConfigurationList;
			buildConfigurations = (
				8946772529AB51CB009042E1 /* Debug */,
				8946772629AB51CB009042E1 /* Release */,
			);
			defaultConfigurationIsVisible = 0;
			defaultConfigurationName = Release;
		};
/* End XCConfigurationList section */
	};
	rootObject = 8946770E29AB51C9009042E1 /* Project object */;
}
