// !$*UTF8*$!
{
	archiveVersion = 1;
	classes = {
	};
	objectVersion = 56;
	objects = {

/* Begin PBXBuildFile section */
		896ADAC929A8C040001D011E /* AppDelegate.swift in Sources */ = {isa = PBXBuildFile; fileRef = 896ADAC829A8C040001D011E /* AppDelegate.swift */; };
		896ADACB29A8C040001D011E /* SceneDelegate.swift in Sources */ = {isa = PBXBuildFile; fileRef = 896ADACA29A8C040001D011E /* SceneDelegate.swift */; };
		896ADACD29A8C040001D011E /* ViewController.swift in Sources */ = {isa = PBXBuildFile; fileRef = 896ADACC29A8C040001D011E /* ViewController.swift */; };
		896ADAD029A8C040001D011E /* Main.storyboard in Resources */ = {isa = PBXBuildFile; fileRef = 896ADACE29A8C040001D011E /* Main.storyboard */; };
		896ADAD229A8C042001D011E /* Assets.xcassets in Resources */ = {isa = PBXBuildFile; fileRef = 896ADAD129A8C042001D011E /* Assets.xcassets */; };
		896ADAD529A8C042001D011E /* LaunchScreen.storyboard in Resources */ = {isa = PBXBuildFile; fileRef = 896ADAD329A8C042001D011E /* LaunchScreen.storyboard */; };
		896ADAE029A8C55C001D011E /* QuestionViewModel.swift in Sources */ = {isa = PBXBuildFile; fileRef = 896ADADF29A8C55C001D011E /* QuestionViewModel.swift */; };
		896ADAE429A8EFB4001D011E /* QuizViewController.swift in Sources */ = {isa = PBXBuildFile; fileRef = 896ADAE329A8EFB4001D011E /* QuizViewController.swift */; };
		896ADAE629A8EFD9001D011E /* ResultViewController.swift in Sources */ = {isa = PBXBuildFile; fileRef = 896ADAE529A8EFD9001D011E /* ResultViewController.swift */; };
		896ADAE829A8F004001D011E /* QuizCollectionViewCell.swift in Sources */ = {isa = PBXBuildFile; fileRef = 896ADAE729A8F004001D011E /* QuizCollectionViewCell.swift */; };
		896ADAEA29A8F2FE001D011E /* ContributeViewController.swift in Sources */ = {isa = PBXBuildFile; fileRef = 896ADAE929A8F2FE001D011E /* ContributeViewController.swift */; };
		896ADAF029A8F45F001D011E /* QuestionModel.swift in Sources */ = {isa = PBXBuildFile; fileRef = 896ADAEF29A8F45F001D011E /* QuestionModel.swift */; };
/* End PBXBuildFile section */

/* Begin PBXFileReference section */
		896ADAC529A8C040001D011E /* QuizApp.app */ = {isa = PBXFileReference; explicitFileType = wrapper.application; includeInIndex = 0; path = QuizApp.app; sourceTree = BUILT_PRODUCTS_DIR; };
		896ADAC829A8C040001D011E /* AppDelegate.swift */ = {isa = PBXFileReference; lastKnownFileType = sourcecode.swift; path = AppDelegate.swift; sourceTree = "<group>"; };
		896ADACA29A8C040001D011E /* SceneDelegate.swift */ = {isa = PBXFileReference; lastKnownFileType = sourcecode.swift; path = SceneDelegate.swift; sourceTree = "<group>"; };
		896ADACC29A8C040001D011E /* ViewController.swift */ = {isa = PBXFileReference; lastKnownFileType = sourcecode.swift; path = ViewController.swift; sourceTree = "<group>"; };
		896ADACF29A8C040001D011E /* Base */ = {isa = PBXFileReference; lastKnownFileType = file.storyboard; name = Base; path = Base.lproj/Main.storyboard; sourceTree = "<group>"; };
		896ADAD129A8C042001D011E /* Assets.xcassets */ = {isa = PBXFileReference; lastKnownFileType = folder.assetcatalog; path = Assets.xcassets; sourceTree = "<group>"; };
		896ADAD429A8C042001D011E /* Base */ = {isa = PBXFileReference; lastKnownFileType = file.storyboard; name = Base; path = Base.lproj/LaunchScreen.storyboard; sourceTree = "<group>"; };
		896ADAD629A8C042001D011E /* Info.plist */ = {isa = PBXFileReference; lastKnownFileType = text.plist.xml; path = Info.plist; sourceTree = "<group>"; };
		896ADADF29A8C55C001D011E /* QuestionViewModel.swift */ = {isa = PBXFileReference; lastKnownFileType = sourcecode.swift; path = QuestionViewModel.swift; sourceTree = "<group>"; };
		896ADAE329A8EFB4001D011E /* QuizViewController.swift */ = {isa = PBXFileReference; lastKnownFileType = sourcecode.swift; path = QuizViewController.swift; sourceTree = "<group>"; };
		896ADAE529A8EFD9001D011E /* ResultViewController.swift */ = {isa = PBXFileReference; lastKnownFileType = sourcecode.swift; path = ResultViewController.swift; sourceTree = "<group>"; };
		896ADAE729A8F004001D011E /* QuizCollectionViewCell.swift */ = {isa = PBXFileReference; lastKnownFileType = sourcecode.swift; path = QuizCollectionViewCell.swift; sourceTree = "<group>"; };
		896ADAE929A8F2FE001D011E /* ContributeViewController.swift */ = {isa = PBXFileReference; lastKnownFileType = sourcecode.swift; path = ContributeViewController.swift; sourceTree = "<group>"; };
		896ADAEF29A8F45F001D011E /* QuestionModel.swift */ = {isa = PBXFileReference; lastKnownFileType = sourcecode.swift; path = QuestionModel.swift; sourceTree = "<group>"; };
		8994830D29A90AB900818CDE /* Configuration.storekit */ = {isa = PBXFileReference; lastKnownFileType = text; path = Configuration.storekit; sourceTree = "<group>"; };
/* End PBXFileReference section */

/* Begin PBXFrameworksBuildPhase section */
		896ADAC229A8C040001D011E /* Frameworks */ = {
			isa = PBXFrameworksBuildPhase;
			buildActionMask = 2147483647;
			files = (
			);
			runOnlyForDeploymentPostprocessing = 0;
		};
/* End PBXFrameworksBuildPhase section */

/* Begin PBXGroup section */
		896ADABC29A8C03F001D011E = {
			isa = PBXGroup;
			children = (
				896ADAC729A8C040001D011E /* QuizApp */,
				896ADAC629A8C040001D011E /* Products */,
				8994830929A903EF00818CDE /* Frameworks */,
			);
			sourceTree = "<group>";
		};
		896ADAC629A8C040001D011E /* Products */ = {
			isa = PBXGroup;
			children = (
				896ADAC529A8C040001D011E /* QuizApp.app */,
			);
			name = Products;
			sourceTree = "<group>";
		};
		896ADAC729A8C040001D011E /* QuizApp */ = {
			isa = PBXGroup;
			children = (
				896ADADE29A8C059001D011E /* Model */,
				896ADADD29A8C050001D011E /* Controller */,
				896ADADC29A8C047001D011E /* ViewModel */,
				896ADAC829A8C040001D011E /* AppDelegate.swift */,
				896ADACA29A8C040001D011E /* SceneDelegate.swift */,
				896ADACE29A8C040001D011E /* Main.storyboard */,
				896ADAD129A8C042001D011E /* Assets.xcassets */,
				896ADAD329A8C042001D011E /* LaunchScreen.storyboard */,
				896ADAD629A8C042001D011E /* Info.plist */,
				8994830D29A90AB900818CDE /* Configuration.storekit */,
			);
			path = QuizApp;
			sourceTree = "<group>";
		};
		896ADADC29A8C047001D011E /* ViewModel */ = {
			isa = PBXGroup;
			children = (
				896ADADF29A8C55C001D011E /* QuestionViewModel.swift */,
			);
			path = ViewModel;
			sourceTree = "<group>";
		};
		896ADADD29A8C050001D011E /* Controller */ = {
			isa = PBXGroup;
			children = (
				896ADACC29A8C040001D011E /* ViewController.swift */,
				896ADAE329A8EFB4001D011E /* QuizViewController.swift */,
				896ADAE529A8EFD9001D011E /* ResultViewController.swift */,
				896ADAE729A8F004001D011E /* QuizCollectionViewCell.swift */,
				896ADAE929A8F2FE001D011E /* ContributeViewController.swift */,
			);
			path = Controller;
			sourceTree = "<group>";
		};
		896ADADE29A8C059001D011E /* Model */ = {
			isa = PBXGroup;
			children = (
				896ADAEF29A8F45F001D011E /* QuestionModel.swift */,
			);
			path = Model;
			sourceTree = "<group>";
		};
		8994830929A903EF00818CDE /* Frameworks */ = {
			isa = PBXGroup;
			children = (
			);
			name = Frameworks;
			sourceTree = "<group>";
		};
/* End PBXGroup section */

/* Begin PBXNativeTarget section */
		896ADAC429A8C040001D011E /* QuizApp */ = {
			isa = PBXNativeTarget;
			buildConfigurationList = 896ADAD929A8C042001D011E /* Build configuration list for PBXNativeTarget "QuizApp" */;
			buildPhases = (
				896ADAC129A8C040001D011E /* Sources */,
				896ADAC229A8C040001D011E /* Frameworks */,
				896ADAC329A8C040001D011E /* Resources */,
			);
			buildRules = (
			);
			dependencies = (
			);
			name = QuizApp;
			productName = QuizApp;
			productReference = 896ADAC529A8C040001D011E /* QuizApp.app */;
			productType = "com.apple.product-type.application";
		};
/* End PBXNativeTarget section */

/* Begin PBXProject section */
		896ADABD29A8C03F001D011E /* Project object */ = {
			isa = PBXProject;
			attributes = {
				BuildIndependentTargetsInParallel = 1;
				LastSwiftUpdateCheck = 1420;
				LastUpgradeCheck = 1420;
				TargetAttributes = {
					896ADAC429A8C040001D011E = {
						CreatedOnToolsVersion = 14.2;
					};
				};
			};
			buildConfigurationList = 896ADAC029A8C03F001D011E /* Build configuration list for PBXProject "QuizApp" */;
			compatibilityVersion = "Xcode 14.0";
			developmentRegion = en;
			hasScannedForEncodings = 0;
			knownRegions = (
				en,
				Base,
			);
			mainGroup = 896ADABC29A8C03F001D011E;
			productRefGroup = 896ADAC629A8C040001D011E /* Products */;
			projectDirPath = "";
			projectRoot = "";
			targets = (
				896ADAC429A8C040001D011E /* QuizApp */,
			);
		};
/* End PBXProject section */

/* Begin PBXResourcesBuildPhase section */
		896ADAC329A8C040001D011E /* Resources */ = {
			isa = PBXResourcesBuildPhase;
			buildActionMask = 2147483647;
			files = (
				896ADAD529A8C042001D011E /* LaunchScreen.storyboard in Resources */,
				896ADAD229A8C042001D011E /* Assets.xcassets in Resources */,
				896ADAD029A8C040001D011E /* Main.storyboard in Resources */,
			);
			runOnlyForDeploymentPostprocessing = 0;
		};
/* End PBXResourcesBuildPhase section */

/* Begin PBXSourcesBuildPhase section */
		896ADAC129A8C040001D011E /* Sources */ = {
			isa = PBXSourcesBuildPhase;
			buildActionMask = 2147483647;
			files = (
				896ADACD29A8C040001D011E /* ViewController.swift in Sources */,
				896ADAEA29A8F2FE001D011E /* ContributeViewController.swift in Sources */,
				896ADAC929A8C040001D011E /* AppDelegate.swift in Sources */,
				896ADAE629A8EFD9001D011E /* ResultViewController.swift in Sources */,
				896ADAE029A8C55C001D011E /* QuestionViewModel.swift in Sources */,
				896ADAE429A8EFB4001D011E /* QuizViewController.swift in Sources */,
				896ADAF029A8F45F001D011E /* QuestionModel.swift in Sources */,
				896ADACB29A8C040001D011E /* SceneDelegate.swift in Sources */,
				896ADAE829A8F004001D011E /* QuizCollectionViewCell.swift in Sources */,
			);
			runOnlyForDeploymentPostprocessing = 0;
		};
/* End PBXSourcesBuildPhase section */

/* Begin PBXVariantGroup section */
		896ADACE29A8C040001D011E /* Main.storyboard */ = {
			isa = PBXVariantGroup;
			children = (
				896ADACF29A8C040001D011E /* Base */,
			);
			name = Main.storyboard;
			sourceTree = "<group>";
		};
		896ADAD329A8C042001D011E /* LaunchScreen.storyboard */ = {
			isa = PBXVariantGroup;
			children = (
				896ADAD429A8C042001D011E /* Base */,
			);
			name = LaunchScreen.storyboard;
			sourceTree = "<group>";
		};
/* End PBXVariantGroup section */

/* Begin XCBuildConfiguration section */
		896ADAD729A8C042001D011E /* Debug */ = {
			isa = XCBuildConfiguration;
			buildSettings = {
				ALWAYS_SEARCH_USER_PATHS = NO;
				CLANG_ANALYZER_NONNULL = YES;
				CLANG_ANALYZER_NUMBER_OBJECT_CONVERSION = YES_AGGRESSIVE;
				CLANG_CXX_LANGUAGE_STANDARD = "gnu++20";
				CLANG_ENABLE_MODULES = YES;
				CLANG_ENABLE_OBJC_ARC = YES;
				CLANG_ENABLE_OBJC_WEAK = YES;
				CLANG_WARN_BLOCK_CAPTURE_AUTORELEASING = YES;
				CLANG_WARN_BOOL_CONVERSION = YES;
				CLANG_WARN_COMMA = YES;
				CLANG_WARN_CONSTANT_CONVERSION = YES;
				CLANG_WARN_DEPRECATED_OBJC_IMPLEMENTATIONS = YES;
				CLANG_WARN_DIRECT_OBJC_ISA_USAGE = YES_ERROR;
				CLANG_WARN_DOCUMENTATION_COMMENTS = YES;
				CLANG_WARN_EMPTY_BODY = YES;
				CLANG_WARN_ENUM_CONVERSION = YES;
				CLANG_WARN_INFINITE_RECURSION = YES;
				CLANG_WARN_INT_CONVERSION = YES;
				CLANG_WARN_NON_LITERAL_NULL_CONVERSION = YES;
				CLANG_WARN_OBJC_IMPLICIT_RETAIN_SELF = YES;
				CLANG_WARN_OBJC_LITERAL_CONVERSION = YES;
				CLANG_WARN_OBJC_ROOT_CLASS = YES_ERROR;
				CLANG_WARN_QUOTED_INCLUDE_IN_FRAMEWORK_HEADER = YES;
				CLANG_WARN_RANGE_LOOP_ANALYSIS = YES;
				CLANG_WARN_STRICT_PROTOTYPES = YES;
				CLANG_WARN_SUSPICIOUS_MOVE = YES;
				CLANG_WARN_UNGUARDED_AVAILABILITY = YES_AGGRESSIVE;
				CLANG_WARN_UNREACHABLE_CODE = YES;
				CLANG_WARN__DUPLICATE_METHOD_MATCH = YES;
				COPY_PHASE_STRIP = NO;
				DEBUG_INFORMATION_FORMAT = dwarf;
				ENABLE_STRICT_OBJC_MSGSEND = YES;
				ENABLE_TESTABILITY = YES;
				GCC_C_LANGUAGE_STANDARD = gnu11;
				GCC_DYNAMIC_NO_PIC = NO;
				GCC_NO_COMMON_BLOCKS = YES;
				GCC_OPTIMIZATION_LEVEL = 0;
				GCC_PREPROCESSOR_DEFINITIONS = (
					"DEBUG=1",
					"$(inherited)",
				);
				GCC_WARN_64_TO_32_BIT_CONVERSION = YES;
				GCC_WARN_ABOUT_RETURN_TYPE = YES_ERROR;
				GCC_WARN_UNDECLARED_SELECTOR = YES;
				GCC_WARN_UNINITIALIZED_AUTOS = YES_AGGRESSIVE;
				GCC_WARN_UNUSED_FUNCTION = YES;
				GCC_WARN_UNUSED_VARIABLE = YES;
				IPHONEOS_DEPLOYMENT_TARGET = 16.2;
				MTL_ENABLE_DEBUG_INFO = INCLUDE_SOURCE;
				MTL_FAST_MATH = YES;
				ONLY_ACTIVE_ARCH = YES;
				SDKROOT = iphoneos;
				SWIFT_ACTIVE_COMPILATION_CONDITIONS = DEBUG;
				SWIFT_OPTIMIZATION_LEVEL = "-Onone";
			};
			name = Debug;
		};
		896ADAD829A8C042001D011E /* Release */ = {
			isa = XCBuildConfiguration;
			buildSettings = {
				ALWAYS_SEARCH_USER_PATHS = NO;
				CLANG_ANALYZER_NONNULL = YES;
				CLANG_ANALYZER_NUMBER_OBJECT_CONVERSION = YES_AGGRESSIVE;
				CLANG_CXX_LANGUAGE_STANDARD = "gnu++20";
				CLANG_ENABLE_MODULES = YES;
				CLANG_ENABLE_OBJC_ARC = YES;
				CLANG_ENABLE_OBJC_WEAK = YES;
				CLANG_WARN_BLOCK_CAPTURE_AUTORELEASING = YES;
				CLANG_WARN_BOOL_CONVERSION = YES;
				CLANG_WARN_COMMA = YES;
				CLANG_WARN_CONSTANT_CONVERSION = YES;
				CLANG_WARN_DEPRECATED_OBJC_IMPLEMENTATIONS = YES;
				CLANG_WARN_DIRECT_OBJC_ISA_USAGE = YES_ERROR;
				CLANG_WARN_DOCUMENTATION_COMMENTS = YES;
				CLANG_WARN_EMPTY_BODY = YES;
				CLANG_WARN_ENUM_CONVERSION = YES;
				CLANG_WARN_INFINITE_RECURSION = YES;
				CLANG_WARN_INT_CONVERSION = YES;
				CLANG_WARN_NON_LITERAL_NULL_CONVERSION = YES;
				CLANG_WARN_OBJC_IMPLICIT_RETAIN_SELF = YES;
				CLANG_WARN_OBJC_LITERAL_CONVERSION = YES;
				CLANG_WARN_OBJC_ROOT_CLASS = YES_ERROR;
				CLANG_WARN_QUOTED_INCLUDE_IN_FRAMEWORK_HEADER = YES;
				CLANG_WARN_RANGE_LOOP_ANALYSIS = YES;
				CLANG_WARN_STRICT_PROTOTYPES = YES;
				CLANG_WARN_SUSPICIOUS_MOVE = YES;
				CLANG_WARN_UNGUARDED_AVAILABILITY = YES_AGGRESSIVE;
				CLANG_WARN_UNREACHABLE_CODE = YES;
				CLANG_WARN__DUPLICATE_METHOD_MATCH = YES;
				COPY_PHASE_STRIP = NO;
				DEBUG_INFORMATION_FORMAT = "dwarf-with-dsym";
				ENABLE_NS_ASSERTIONS = NO;
				ENABLE_STRICT_OBJC_MSGSEND = YES;
				GCC_C_LANGUAGE_STANDARD = gnu11;
				GCC_NO_COMMON_BLOCKS = YES;
				GCC_WARN_64_TO_32_BIT_CONVERSION = YES;
				GCC_WARN_ABOUT_RETURN_TYPE = YES_ERROR;
				GCC_WARN_UNDECLARED_SELECTOR = YES;
				GCC_WARN_UNINITIALIZED_AUTOS = YES_AGGRESSIVE;
				GCC_WARN_UNUSED_FUNCTION = YES;
				GCC_WARN_UNUSED_VARIABLE = YES;
				IPHONEOS_DEPLOYMENT_TARGET = 16.2;
				MTL_ENABLE_DEBUG_INFO = NO;
				MTL_FAST_MATH = YES;
				SDKROOT = iphoneos;
				SWIFT_COMPILATION_MODE = wholemodule;
				SWIFT_OPTIMIZATION_LEVEL = "-O";
				VALIDATE_PRODUCT = YES;
			};
			name = Release;
		};
		896ADADA29A8C042001D011E /* Debug */ = {
			isa = XCBuildConfiguration;
			buildSettings = {
				ASSETCATALOG_COMPILER_APPICON_NAME = AppIcon;
				ASSETCATALOG_COMPILER_GLOBAL_ACCENT_COLOR_NAME = AccentColor;
				CODE_SIGN_STYLE = Automatic;
				CURRENT_PROJECT_VERSION = 1;
				DEVELOPMENT_TEAM = 2J8JMD9D66;
				GENERATE_INFOPLIST_FILE = YES;
				INFOPLIST_FILE = QuizApp/Info.plist;
				INFOPLIST_KEY_UIApplicationSupportsIndirectInputEvents = YES;
				INFOPLIST_KEY_UILaunchStoryboardName = LaunchScreen;
				INFOPLIST_KEY_UIMainStoryboardFile = Main;
				INFOPLIST_KEY_UISupportedInterfaceOrientations_iPad = "UIInterfaceOrientationPortrait UIInterfaceOrientationPortraitUpsideDown UIInterfaceOrientationLandscapeLeft UIInterfaceOrientationLandscapeRight";
				INFOPLIST_KEY_UISupportedInterfaceOrientations_iPhone = "UIInterfaceOrientationPortrait UIInterfaceOrientationLandscapeLeft UIInterfaceOrientationLandscapeRight";
				LD_RUNPATH_SEARCH_PATHS = (
					"$(inherited)",
					"@executable_path/Frameworks",
				);
				MARKETING_VERSION = 1.0;
				PRODUCT_BUNDLE_IDENTIFIER = org.avicinaraka.QuizApp;
				PRODUCT_NAME = "$(TARGET_NAME)";
				SWIFT_EMIT_LOC_STRINGS = YES;
				SWIFT_VERSION = 5.0;
				TARGETED_DEVICE_FAMILY = "1,2";
			};
			name = Debug;
		};
		896ADADB29A8C042001D011E /* Release */ = {
			isa = XCBuildConfiguration;
			buildSettings = {
				ASSETCATALOG_COMPILER_APPICON_NAME = AppIcon;
				ASSETCATALOG_COMPILER_GLOBAL_ACCENT_COLOR_NAME = AccentColor;
				CODE_SIGN_STYLE = Automatic;
				CURRENT_PROJECT_VERSION = 1;
				DEVELOPMENT_TEAM = 2J8JMD9D66;
				GENERATE_INFOPLIST_FILE = YES;
				INFOPLIST_FILE = QuizApp/Info.plist;
				INFOPLIST_KEY_UIApplicationSupportsIndirectInputEvents = YES;
				INFOPLIST_KEY_UILaunchStoryboardName = LaunchScreen;
				INFOPLIST_KEY_UIMainStoryboardFile = Main;
				INFOPLIST_KEY_UISupportedInterfaceOrientations_iPad = "UIInterfaceOrientationPortrait UIInterfaceOrientationPortraitUpsideDown UIInterfaceOrientationLandscapeLeft UIInterfaceOrientationLandscapeRight";
				INFOPLIST_KEY_UISupportedInterfaceOrientations_iPhone = "UIInterfaceOrientationPortrait UIInterfaceOrientationLandscapeLeft UIInterfaceOrientationLandscapeRight";
				LD_RUNPATH_SEARCH_PATHS = (
					"$(inherited)",
					"@executable_path/Frameworks",
				);
				MARKETING_VERSION = 1.0;
				PRODUCT_BUNDLE_IDENTIFIER = org.avicinaraka.QuizApp;
				PRODUCT_NAME = "$(TARGET_NAME)";
				SWIFT_EMIT_LOC_STRINGS = YES;
				SWIFT_VERSION = 5.0;
				TARGETED_DEVICE_FAMILY = "1,2";
			};
			name = Release;
		};
/* End XCBuildConfiguration section */

/* Begin XCConfigurationList section */
		896ADAC029A8C03F001D011E /* Build configuration list for PBXProject "QuizApp" */ = {
			isa = XCConfigurationList;
			buildConfigurations = (
				896ADAD729A8C042001D011E /* Debug */,
				896ADAD829A8C042001D011E /* Release */,
			);
			defaultConfigurationIsVisible = 0;
			defaultConfigurationName = Release;
		};
		896ADAD929A8C042001D011E /* Build configuration list for PBXNativeTarget "QuizApp" */ = {
			isa = XCConfigurationList;
			buildConfigurations = (
				896ADADA29A8C042001D011E /* Debug */,
				896ADADB29A8C042001D011E /* Release */,
			);
			defaultConfigurationIsVisible = 0;
			defaultConfigurationName = Release;
		};
/* End XCConfigurationList section */
	};
	rootObject = 896ADABD29A8C03F001D011E /* Project object */;
}
